{
  "name": "lsp-dockerfile",
  "version": "1.0.0",
  "lockfileVersion": 1,
  "requires": true,
  "dependencies": {
    "dockerfile-ast": {
      "version": "0.3.1",
      "resolved": "https://registry.npmjs.org/dockerfile-ast/-/dockerfile-ast-0.3.1.tgz",
      "integrity": "sha512-sxFv+wY4TNC68+JkbZ4kPn3pAfnfvbFBUcvYAA9KFg7Es58FgWr+trskeDRWFkCFeuM1QIXeBC5exMeiAeW96Q==",
      "requires": {
        "vscode-languageserver-textdocument": "^1.0.1",
        "vscode-languageserver-types": "^3.17.0-next.3"
      }
    },
    "dockerfile-language-server-nodejs": {
      "version": "0.6.0",
      "resolved": "https://registry.npmjs.org/dockerfile-language-server-nodejs/-/dockerfile-language-server-nodejs-0.6.0.tgz",
      "integrity": "sha512-+5bTaLsYJ+sb9bOzV7i6374Bb61jKlE3eh0mMlaLKwG9ZJO8r/pTMbsRNt9vXipkcJEvc9N8xZJyDs2EYnyfPA==",
      "requires": {
        "dockerfile-language-service": "0.5.0",
        "dockerfile-utils": "0.7.0",
        "vscode-languageserver": "^8.0.0-next.2"
      }
    },
    "dockerfile-language-service": {
      "version": "0.5.0",
      "resolved": "https://registry.npmjs.org/dockerfile-language-service/-/dockerfile-language-service-0.5.0.tgz",
      "integrity": "sha512-63B8rASoOz69NI4a3ftC64mVTDnQhd6xXdu5J6PN53+2wEm6vhO+zf6R4A5/ssxB3nSnckV25OtHCdBX2CYluQ==",
      "requires": {
        "dockerfile-ast": "0.3.1",
        "dockerfile-utils": "0.7.0",
        "vscode-languageserver-types": "3.17.0-next.3"
      }
    },
    "dockerfile-utils": {
      "version": "0.7.0",
      "resolved": "https://registry.npmjs.org/dockerfile-utils/-/dockerfile-utils-0.7.0.tgz",
      "integrity": "sha512-27Qh1oT1yjbAPbV/VheDZICoSOYfb9pEgkZSiQMbGQOXw0a4ZObDRNxqYQ2o9udVOTbb/HS4y/hm+reCpz8i9g==",
      "requires": {
        "dockerfile-ast": "0.3.1",
        "vscode-languageserver-textdocument": "^1.0.1",
        "vscode-languageserver-types": "^3.17.0-next.3"
      }
    },
    "vscode-jsonrpc": {
      "version": "8.0.0-next.2",
      "resolved": "https://registry.npmjs.org/vscode-jsonrpc/-/vscode-jsonrpc-8.0.0-next.2.tgz",
      "integrity": "sha512-gxUyTBAjmwGkiHW/UaRScre2s4i98P8M7gnc3VB4DrVQUm3vQ0idi2cN9nbkfcjATx+uEt8C22j+MLN/8UzsJA=="
    },
    "vscode-languageserver": {
      "version": "8.0.0-next.2",
      "resolved": "https://registry.npmjs.org/vscode-languageserver/-/vscode-languageserver-8.0.0-next.2.tgz",
      "integrity": "sha512-7qCEXTeGZKkI8BGvlKh0JPXTY7BaWoiwQYKCcGaUgnMs34wt6F/yaKcxoC3XIouBBVyRxiI6Ml/JdztM3XYEaA==",
      "requires": {
        "vscode-languageserver-protocol": "3.17.0-next.8"
      }
    },
    "vscode-languageserver-protocol": {
      "version": "3.17.0-next.8",
      "resolved": "https://registry.npmjs.org/vscode-languageserver-protocol/-/vscode-languageserver-protocol-3.17.0-next.8.tgz",
      "integrity": "sha512-P89vSuJ+FA5JzFmcOoZN13Ig1yd6LsiPOig0O5m5BSGuO/rplQegCd9J0wKpaTy7trf/SYHRoypnbUBdzy14sg==",
      "requires": {
        "vscode-jsonrpc": "8.0.0-next.2",
        "vscode-languageserver-types": "3.17.0-next.3"
      }
    },
    "vscode-languageserver-textdocument": {
      "version": "1.0.1",
      "resolved": "https://registry.npmjs.org/vscode-languageserver-textdocument/-/vscode-languageserver-textdocument-1.0.1.tgz",
      "integrity": "sha512-UIcJDjX7IFkck7cSkNNyzIz5FyvpQfY7sdzVy+wkKN/BLaD4DQ0ppXQrKePomCxTS7RrolK1I0pey0bG9eh8dA=="
    },
    "vscode-languageserver-types": {
      "version": "3.17.0-next.3",
      "resolved": "https://registry.npmjs.org/vscode-languageserver-types/-/vscode-languageserver-types-3.17.0-next.3.tgz",
      "integrity": "sha512-VQcXnhKYxUW6OiRMhG++SzmZYMJwusXknJGd+FfdOnS1yHAo734OHyR0e2eEHDlv0/oWc8RZPgx/VKSKyondVg=="
    }
  }
}
