{
  "name": "lsp-dockerfile",
  "version": "1.0.0",
  "lockfileVersion": 1,
  "requires": true,
  "dependencies": {
    "dockerfile-ast": {
      "version": "0.0.27",
      "resolved": "https://registry.npmjs.org/dockerfile-ast/-/dockerfile-ast-0.0.27.tgz",
      "integrity": "sha512-U+1B6aA7qJw9hswL6rCg4/dHnXy+zmt1bwU6ONi+f+0w0AOSmrz4IcrZQu62g1RD+NoTO4dvJce3FjoXUHd9Dw==",
      "requires": {
        "vscode-languageserver-types": "^3.15.1"
      }
    },
    "dockerfile-language-server-nodejs": {
      "version": "0.1.0",
      "resolved": "https://registry.npmjs.org/dockerfile-language-server-nodejs/-/dockerfile-language-server-nodejs-0.1.0.tgz",
      "integrity": "sha512-j+0dGmA/sQp+rC/1J3tMC4s7V0MktL68X9Shpskn9uuumg6004UJK8erHXINCofYxfBGunOAVCfoaGGCXoThPQ==",
      "requires": {
        "dockerfile-language-service": "0.1.0",
        "dockerfile-utils": "0.1.0",
        "vscode-languageserver": "^6.1.1"
      }
    },
    "dockerfile-language-service": {
      "version": "0.1.0",
      "resolved": "https://registry.npmjs.org/dockerfile-language-service/-/dockerfile-language-service-0.1.0.tgz",
      "integrity": "sha512-vvFBLvQ/4RE5JyPzI1EynvT5h6Mg/jJ8HUcMs53uyfjy3RbaGeUL5c0eN6mk39WVF2Y8fsH1FKo4L29Z/W4N6g==",
      "requires": {
        "dockerfile-ast": "0.0.27",
        "dockerfile-utils": "0.1.0",
        "vscode-languageserver-protocol": "^3.15.3",
        "vscode-languageserver-types": "^3.15.1"
      }
    },
    "dockerfile-utils": {
      "version": "0.1.0",
      "resolved": "https://registry.npmjs.org/dockerfile-utils/-/dockerfile-utils-0.1.0.tgz",
      "integrity": "sha512-eHDiSOSXzXaFTwp7UX+bMVKUDQd2E2x8IF/3xdSvNkGhBliRhjwLIL+ALLDmi8GqSlm+7xwc4mGLcvtCI668PQ==",
      "requires": {
        "dockerfile-ast": "0.0.28",
        "vscode-languageserver-types": "3.15.1"
      },
      "dependencies": {
        "dockerfile-ast": {
          "version": "0.0.28",
          "resolved": "https://registry.npmjs.org/dockerfile-ast/-/dockerfile-ast-0.0.28.tgz",
          "integrity": "sha512-221P0R4+tx5C1ra99alQxmdRvtfKMbBE7MkESN4VEBN5CX90wijrcIg+EiRaGTCCT5OPk5KBeKy+EIOnmEu4xA==",
          "requires": {
            "vscode-languageserver-types": "^3.15.1"
          }
        }
      }
    },
    "vscode-jsonrpc": {
      "version": "5.0.1",
      "resolved": "https://registry.npmjs.org/vscode-jsonrpc/-/vscode-jsonrpc-5.0.1.tgz",
      "integrity": "sha512-JvONPptw3GAQGXlVV2utDcHx0BiY34FupW/kI6mZ5x06ER5DdPG/tXWMVHjTNULF5uKPOUUD0SaXg5QaubJL0A=="
    },
    "vscode-languageserver": {
      "version": "6.1.1",
      "resolved": "https://registry.npmjs.org/vscode-languageserver/-/vscode-languageserver-6.1.1.tgz",
      "integrity": "sha512-DueEpkUAkD5XTR4MLYNr6bQIp/UFR0/IPApgXU3YfCBCB08u2sm9hRCs6DxYZELkk++STPjpcjksR2H8qI3cDQ==",
      "requires": {
        "vscode-languageserver-protocol": "^3.15.3"
      }
    },
    "vscode-languageserver-protocol": {
      "version": "3.15.3",
      "resolved": "https://registry.npmjs.org/vscode-languageserver-protocol/-/vscode-languageserver-protocol-3.15.3.tgz",
      "integrity": "sha512-zrMuwHOAQRhjDSnflWdJG+O2ztMWss8GqUUB8dXLR/FPenwkiBNkMIJJYfSN6sgskvsF0rHAoBowNQfbyZnnvw==",
      "requires": {
        "vscode-jsonrpc": "^5.0.1",
        "vscode-languageserver-types": "3.15.1"
      }
    },
    "vscode-languageserver-types": {
      "version": "3.15.1",
      "resolved": "https://registry.npmjs.org/vscode-languageserver-types/-/vscode-languageserver-types-3.15.1.tgz",
      "integrity": "sha512-+a9MPUQrNGRrGU630OGbYVQ+11iOIovjCkqxajPa9w57Sd5ruK8WQNsslzpa0x/QJqC8kRc2DUxWjIFwoNm4ZQ=="
    }
  }
}
